
Microsoft Visual Studio Solution File, Format Version 12.00
# Visual Studio 15
VisualStudioVersion = 15.0.28307.1800
MinimumVisualStudioVersion = 10.0.40219.1
Project("{F14B399A-7131-4C87-9E4B-1186C45EF12D}") = "Report Project2", "Report Project2\Report Project2.rptproj", "{1063B8C7-0BAA-4B0F-A71F-BD058A964155}"
EndProject
Global
	GlobalSection(SolutionConfigurationPlatforms) = preSolution
		Debug|Default = Debug|Default
		DebugLocal|Default = DebugLocal|Default
		Release|Default = Release|Default
	EndGlobalSection
	GlobalSection(ProjectConfigurationPlatforms) = postSolution
		{1063B8C7-0BAA-4B0F-A71F-BD058A964155}.Debug|Default.ActiveCfg = Debug
		{1063B8C7-0BAA-4B0F-A71F-BD058A964155}.Debug|Default.Build.0 = Debug
		{1063B8C7-0BAA-4B0F-A71F-BD058A964155}.Debug|Default.Deploy.0 = Debug
		{1063B8C7-0BAA-4B0F-A71F-BD058A964155}.DebugLocal|Default.ActiveCfg = DebugLocal
		{1063B8C7-0BAA-4B0F-A71F-BD058A964155}.DebugLocal|Default.Build.0 = DebugLocal
		{1063B8C7-0BAA-4B0F-A71F-BD058A964155}.Release|Default.ActiveCfg = Release
		{1063B8C7-0BAA-4B0F-A71F-BD058A964155}.Release|Default.Build.0 = Release
		{1063B8C7-0BAA-4B0F-A71F-BD058A964155}.Release|Default.Deploy.0 = Release
	EndGlobalSection
	GlobalSection(SolutionProperties) = preSolution
		HideSolutionNode = FALSE
	EndGlobalSection
	GlobalSection(ExtensibilityGlobals) = postSolution
		SolutionGuid = {620E1918-C277-44C5-978A-167D6F8D7458}
	EndGlobalSection
EndGlobal
